// !$*UTF8*$!
{
	archiveVersion = 1;
	classes = {
	};
	objectVersion = 46;
	objects = {

/* Begin PBXBuildFile section */
		E209D9081C2C272A004D4B8E /* AppDelegate.swift in Sources */ = {isa = PBXBuildFile; fileRef = E209D9071C2C272A004D4B8E /* AppDelegate.swift */; };
		E209D90A1C2C272A004D4B8E /* ViewController.swift in Sources */ = {isa = PBXBuildFile; fileRef = E209D9091C2C272A004D4B8E /* ViewController.swift */; };
		E209D90D1C2C272A004D4B8E /* Main.storyboard in Resources */ = {isa = PBXBuildFile; fileRef = E209D90B1C2C272A004D4B8E /* Main.storyboard */; };
		E209D90F1C2C272A004D4B8E /* Assets.xcassets in Resources */ = {isa = PBXBuildFile; fileRef = E209D90E1C2C272A004D4B8E /* Assets.xcassets */; };
		E209D9121C2C272A004D4B8E /* LaunchScreen.storyboard in Resources */ = {isa = PBXBuildFile; fileRef = E209D9101C2C272A004D4B8E /* LaunchScreen.storyboard */; };
		E209D91D1C2C272A004D4B8E /* sadfasdfTests.swift in Sources */ = {isa = PBXBuildFile; fileRef = E209D91C1C2C272A004D4B8E /* sadfasdfTests.swift */; };
		E209D9281C2C272A004D4B8E /* sadfasdfUITests.swift in Sources */ = {isa = PBXBuildFile; fileRef = E209D9271C2C272A004D4B8E /* sadfasdfUITests.swift */; };
/* End PBXBuildFile section */

/* Begin PBXContainerItemProxy section */
		E209D9191C2C272A004D4B8E /* PBXContainerItemProxy */ = {
			isa = PBXContainerItemProxy;
			containerPortal = E209D8FC1C2C2729004D4B8E /* Project object */;
			proxyType = 1;
			remoteGlobalIDString = E209D9031C2C272A004D4B8E;
			remoteInfo = sadfasdf;
		};
		E209D9241C2C272A004D4B8E /* PBXContainerItemProxy */ = {
			isa = PBXContainerItemProxy;
			containerPortal = E209D8FC1C2C2729004D4B8E /* Project object */;
			proxyType = 1;
			remoteGlobalIDString = E209D9031C2C272A004D4B8E;
			remoteInfo = sadfasdf;
		};
/* End PBXContainerItemProxy section */

/* Begin PBXFileReference section */
		E209D9041C2C272A004D4B8E /* sadfasdf.app */ = {isa = PBXFileReference; explicitFileType = wrapper.application; includeInIndex = 0; path = sadfasdf.app; sourceTree = BUILT_PRODUCTS_DIR; };
		E209D9071C2C272A004D4B8E /* AppDelegate.swift */ = {isa = PBXFileReference; lastKnownFileType = sourcecode.swift; path = AppDelegate.swift; sourceTree = "<group>"; };
		E209D9091C2C272A004D4B8E /* ViewController.swift */ = {isa = PBXFileReference; lastKnownFileType = sourcecode.swift; path = ViewController.swift; sourceTree = "<group>"; };
		E209D90C1C2C272A004D4B8E /* Base */ = {isa = PBXFileReference; lastKnownFileType = file.storyboard; name = Base; path = Base.lproj/Main.storyboard; sourceTree = "<group>"; };
		E209D90E1C2C272A004D4B8E /* Assets.xcassets */ = {isa = PBXFileReference; lastKnownFileType = folder.assetcatalog; path = Assets.xcassets; sourceTree = "<group>"; };
		E209D9111C2C272A004D4B8E /* Base */ = {isa = PBXFileReference; lastKnownFileType = file.storyboard; name = Base; path = Base.lproj/LaunchScreen.storyboard; sourceTree = "<group>"; };
		E209D9131C2C272A004D4B8E /* Info.plist */ = {isa = PBXFileReference; lastKnownFileType = text.plist.xml; path = Info.plist; sourceTree = "<group>"; };
		E209D9181C2C272A004D4B8E /* sadfasdfTests.xctest */ = {isa = PBXFileReference; explicitFileType = wrapper.cfbundle; includeInIndex = 0; path = sadfasdfTests.xctest; sourceTree = BUILT_PRODUCTS_DIR; };
		E209D91C1C2C272A004D4B8E /* sadfasdfTests.swift */ = {isa = PBXFileReference; lastKnownFileType = sourcecode.swift; path = sadfasdfTests.swift; sourceTree = "<group>"; };
		E209D91E1C2C272A004D4B8E /* Info.plist */ = {isa = PBXFileReference; lastKnownFileType = text.plist.xml; path = Info.plist; sourceTree = "<group>"; };
		E209D9231C2C272A004D4B8E /* sadfasdfUITests.xctest */ = {isa = PBXFileReference; explicitFileType = wrapper.cfbundle; includeInIndex = 0; path = sadfasdfUITests.xctest; sourceTree = BUILT_PRODUCTS_DIR; };
		E209D9271C2C272A004D4B8E /* sadfasdfUITests.swift */ = {isa = PBXFileReference; lastKnownFileType = sourcecode.swift; path = sadfasdfUITests.swift; sourceTree = "<group>"; };
		E209D9291C2C272A004D4B8E /* Info.plist */ = {isa = PBXFileReference; lastKnownFileType = text.plist.xml; path = Info.plist; sourceTree = "<group>"; };
/* End PBXFileReference section */

/* Begin PBXFrameworksBuildPhase section */
		E209D9011C2C272A004D4B8E /* Frameworks */ = {
			isa = PBXFrameworksBuildPhase;
			buildActionMask = 2147483647;
			files = (
			);
			runOnlyForDeploymentPostprocessing = 0;
		};
		E209D9151C2C272A004D4B8E /* Frameworks */ = {
			isa = PBXFrameworksBuildPhase;
			buildActionMask = 2147483647;
			files = (
			);
			runOnlyForDeploymentPostprocessing = 0;
		};
		E209D9201C2C272A004D4B8E /* Frameworks */ = {
			isa = PBXFrameworksBuildPhase;
			buildActionMask = 2147483647;
			files = (
			);
			runOnlyForDeploymentPostprocessing = 0;
		};
/* End PBXFrameworksBuildPhase section */

/* Begin PBXGroup section */
		E209D8FB1C2C2729004D4B8E = {
			isa = PBXGroup;
			children = (
				E209D9061C2C272A004D4B8E /* sadfasdf */,
				E209D91B1C2C272A004D4B8E /* sadfasdfTests */,
				E209D9261C2C272A004D4B8E /* sadfasdfUITests */,
				E209D9051C2C272A004D4B8E /* Products */,
			);
			sourceTree = "<group>";
		};
		E209D9051C2C272A004D4B8E /* Products */ = {
			isa = PBXGroup;
			children = (
				E209D9041C2C272A004D4B8E /* sadfasdf.app */,
				E209D9181C2C272A004D4B8E /* sadfasdfTests.xctest */,
				E209D9231C2C272A004D4B8E /* sadfasdfUITests.xctest */,
			);
			name = Products;
			sourceTree = "<group>";
		};
		E209D9061C2C272A004D4B8E /* sadfasdf */ = {
			isa = PBXGroup;
			children = (
				E209D9071C2C272A004D4B8E /* AppDelegate.swift */,
				E209D9091C2C272A004D4B8E /* ViewController.swift */,
				E209D90B1C2C272A004D4B8E /* Main.storyboard */,
				E209D90E1C2C272A004D4B8E /* Assets.xcassets */,
				E209D9101C2C272A004D4B8E /* LaunchScreen.storyboard */,
				E209D9131C2C272A004D4B8E /* Info.plist */,
			);
			path = sadfasdf;
			sourceTree = "<group>";
		};
		E209D91B1C2C272A004D4B8E /* sadfasdfTests */ = {
			isa = PBXGroup;
			children = (
				E209D91C1C2C272A004D4B8E /* sadfasdfTests.swift */,
				E209D91E1C2C272A004D4B8E /* Info.plist */,
			);
			path = sadfasdfTests;
			sourceTree = "<group>";
		};
		E209D9261C2C272A004D4B8E /* sadfasdfUITests */ = {
			isa = PBXGroup;
			children = (
				E209D9271C2C272A004D4B8E /* sadfasdfUITests.swift */,
				E209D9291C2C272A004D4B8E /* Info.plist */,
			);
			path = sadfasdfUITests;
			sourceTree = "<group>";
		};
/* End PBXGroup section */

/* Begin PBXNativeTarget section */
		E209D9031C2C272A004D4B8E /* sadfasdf */ = {
			isa = PBXNativeTarget;
			buildConfigurationList = E209D92C1C2C272A004D4B8E /* Build configuration list for PBXNativeTarget "sadfasdf" */;
			buildPhases = (
				E209D9001C2C272A004D4B8E /* Sources */,
				E209D9011C2C272A004D4B8E /* Frameworks */,
				E209D9021C2C272A004D4B8E /* Resources */,
			);
			buildRules = (
			);
			dependencies = (
			);
			name = sadfasdf;
			productName = sadfasdf;
			productReference = E209D9041C2C272A004D4B8E /* sadfasdf.app */;
			productType = "com.apple.product-type.application";
		};
		E209D9171C2C272A004D4B8E /* sadfasdfTests */ = {
			isa = PBXNativeTarget;
			buildConfigurationList = E209D92F1C2C272A004D4B8E /* Build configuration list for PBXNativeTarget "sadfasdfTests" */;
			buildPhases = (
				E209D9141C2C272A004D4B8E /* Sources */,
				E209D9151C2C272A004D4B8E /* Frameworks */,
				E209D9161C2C272A004D4B8E /* Resources */,
			);
			buildRules = (
			);
			dependencies = (
				E209D91A1C2C272A004D4B8E /* PBXTargetDependency */,
			);
			name = sadfasdfTests;
			productName = sadfasdfTests;
			productReference = E209D9181C2C272A004D4B8E /* sadfasdfTests.xctest */;
			productType = "com.apple.product-type.bundle.unit-test";
		};
		E209D9221C2C272A004D4B8E /* sadfasdfUITests */ = {
			isa = PBXNativeTarget;
			buildConfigurationList = E209D9321C2C272A004D4B8E /* Build configuration list for PBXNativeTarget "sadfasdfUITests" */;
			buildPhases = (
				E209D91F1C2C272A004D4B8E /* Sources */,
				E209D9201C2C272A004D4B8E /* Frameworks */,
				E209D9211C2C272A004D4B8E /* Resources */,
			);
			buildRules = (
			);
			dependencies = (
				E209D9251C2C272A004D4B8E /* PBXTargetDependency */,
			);
			name = sadfasdfUITests;
			productName = sadfasdfUITests;
			productReference = E209D9231C2C272A004D4B8E /* sadfasdfUITests.xctest */;
			productType = "com.apple.product-type.bundle.ui-testing";
		};
/* End PBXNativeTarget section */

/* Begin PBXProject section */
		E209D8FC1C2C2729004D4B8E /* Project object */ = {
			isa = PBXProject;
			attributes = {
				LastSwiftUpdateCheck = 0720;
				LastUpgradeCheck = 0720;
				ORGANIZATIONNAME = IF;
				TargetAttributes = {
					E209D9031C2C272A004D4B8E = {
						CreatedOnToolsVersion = 7.2;
						DevelopmentTeam = 32ZU9YU5BX;
					};
					E209D9171C2C272A004D4B8E = {
						CreatedOnToolsVersion = 7.2;
						DevelopmentTeam = 32ZU9YU5BX;
						TestTargetID = E209D9031C2C272A004D4B8E;
					};
					E209D9221C2C272A004D4B8E = {
						CreatedOnToolsVersion = 7.2;
						DevelopmentTeam = 32ZU9YU5BX;
						TestTargetID = E209D9031C2C272A004D4B8E;
					};
				};
			};
			buildConfigurationList = E209D8FF1C2C2729004D4B8E /* Build configuration list for PBXProject "sadfasdf" */;
			compatibilityVersion = "Xcode 3.2";
			developmentRegion = English;
			hasScannedForEncodings = 0;
			knownRegions = (
				en,
				Base,
			);
			mainGroup = E209D8FB1C2C2729004D4B8E;
			productRefGroup = E209D9051C2C272A004D4B8E /* Products */;
			projectDirPath = "";
			projectRoot = "";
			targets = (
				E209D9031C2C272A004D4B8E /* sadfasdf */,
				E209D9171C2C272A004D4B8E /* sadfasdfTests */,
				E209D9221C2C272A004D4B8E /* sadfasdfUITests */,
			);
		};
/* End PBXProject section */

/* Begin PBXResourcesBuildPhase section */
		E209D9021C2C272A004D4B8E /* Resources */ = {
			isa = PBXResourcesBuildPhase;
			buildActionMask = 2147483647;
			files = (
				E209D9121C2C272A004D4B8E /* LaunchScreen.storyboard in Resources */,
				E209D90F1C2C272A004D4B8E /* Assets.xcassets in Resources */,
				E209D90D1C2C272A004D4B8E /* Main.storyboard in Resources */,
			);
			runOnlyForDeploymentPostprocessing = 0;
		};
		E209D9161C2C272A004D4B8E /* Resources */ = {
			isa = PBXResourcesBuildPhase;
			buildActionMask = 2147483647;
			files = (
			);
			runOnlyForDeploymentPostprocessing = 0;
		};
		E209D9211C2C272A004D4B8E /* Resources */ = {
			isa = PBXResourcesBuildPhase;
			buildActionMask = 2147483647;
			files = (
			);
			runOnlyForDeploymentPostprocessing = 0;
		};
/* End PBXResourcesBuildPhase section */

/* Begin PBXSourcesBuildPhase section */
		E209D9001C2C272A004D4B8E /* Sources */ = {
			isa = PBXSourcesBuildPhase;
			buildActionMask = 2147483647;
			files = (
				E209D90A1C2C272A004D4B8E /* ViewController.swift in Sources */,
				E209D9081C2C272A004D4B8E /* AppDelegate.swift in Sources */,
			);
			runOnlyForDeploymentPostprocessing = 0;
		};
		E209D9141C2C272A004D4B8E /* Sources */ = {
			isa = PBXSourcesBuildPhase;
			buildActionMask = 2147483647;
			files = (
				E209D91D1C2C272A004D4B8E /* sadfasdfTests.swift in Sources */,
			);
			runOnlyForDeploymentPostprocessing = 0;
		};
		E209D91F1C2C272A004D4B8E /* Sources */ = {
			isa = PBXSourcesBuildPhase;
			buildActionMask = 2147483647;
			files = (
				E209D9281C2C272A004D4B8E /* sadfasdfUITests.swift in Sources */,
			);
			runOnlyForDeploymentPostprocessing = 0;
		};
/* End PBXSourcesBuildPhase section */

/* Begin PBXTargetDependency section */
		E209D91A1C2C272A004D4B8E /* PBXTargetDependency */ = {
			isa = PBXTargetDependency;
			target = E209D9031C2C272A004D4B8E /* sadfasdf */;
			targetProxy = E209D9191C2C272A004D4B8E /* PBXContainerItemProxy */;
		};
		E209D9251C2C272A004D4B8E /* PBXTargetDependency */ = {
			isa = PBXTargetDependency;
			target = E209D9031C2C272A004D4B8E /* sadfasdf */;
			targetProxy = E209D9241C2C272A004D4B8E /* PBXContainerItemProxy */;
		};
/* End PBXTargetDependency section */

/* Begin PBXVariantGroup section */
		E209D90B1C2C272A004D4B8E /* Main.storyboard */ = {
			isa = PBXVariantGroup;
			children = (
				E209D90C1C2C272A004D4B8E /* Base */,
			);
			name = Main.storyboard;
			sourceTree = "<group>";
		};
		E209D9101C2C272A004D4B8E /* LaunchScreen.storyboard */ = {
			isa = PBXVariantGroup;
			children = (
				E209D9111C2C272A004D4B8E /* Base */,
			);
			name = LaunchScreen.storyboard;
			sourceTree = "<group>";
		};
/* End PBXVariantGroup section */

/* Begin XCBuildConfiguration section */
		E209D92A1C2C272A004D4B8E /* Debug */ = {
			isa = XCBuildConfiguration;
			buildSettings = {
				ALWAYS_SEARCH_USER_PATHS = NO;
				CLANG_CXX_LANGUAGE_STANDARD = "gnu++0x";
				CLANG_CXX_LIBRARY = "libc++";
				CLANG_ENABLE_MODULES = YES;
				CLANG_ENABLE_OBJC_ARC = YES;
				CLANG_WARN_BOOL_CONVERSION = YES;
				CLANG_WARN_CONSTANT_CONVERSION = YES;
				CLANG_WARN_DIRECT_OBJC_ISA_USAGE = YES_ERROR;
				CLANG_WARN_EMPTY_BODY = YES;
				CLANG_WARN_ENUM_CONVERSION = YES;
				CLANG_WARN_INT_CONVERSION = YES;
				CLANG_WARN_OBJC_ROOT_CLASS = YES_ERROR;
				CLANG_WARN_UNREACHABLE_CODE = YES;
				CLANG_WARN__DUPLICATE_METHOD_MATCH = YES;
				"CODE_SIGN_IDENTITY[sdk=iphoneos*]" = "iPhone Developer";
				COPY_PHASE_STRIP = NO;
				DEBUG_INFORMATION_FORMAT = dwarf;
				ENABLE_STRICT_OBJC_MSGSEND = YES;
				ENABLE_TESTABILITY = YES;
				GCC_C_LANGUAGE_STANDARD = gnu99;
				GCC_DYNAMIC_NO_PIC = NO;
				GCC_NO_COMMON_BLOCKS = YES;
				GCC_OPTIMIZATION_LEVEL = 0;
				GCC_PREPROCESSOR_DEFINITIONS = (
					"DEBUG=1",
					"$(inherited)",
				);
				GCC_WARN_64_TO_32_BIT_CONVERSION = YES;
				GCC_WARN_ABOUT_RETURN_TYPE = YES_ERROR;
				GCC_WARN_UNDECLARED_SELECTOR = YES;
				GCC_WARN_UNINITIALIZED_AUTOS = YES_AGGRESSIVE;
				GCC_WARN_UNUSED_FUNCTION = YES;
				GCC_WARN_UNUSED_VARIABLE = YES;
				IPHONEOS_DEPLOYMENT_TARGET = 9.2;
				MTL_ENABLE_DEBUG_INFO = YES;
				ONLY_ACTIVE_ARCH = YES;
				SDKROOT = iphoneos;
				SWIFT_OPTIMIZATION_LEVEL = "-Onone";
				TARGETED_DEVICE_FAMILY = "1,2";
			};
			name = Debug;
		};
		E209D92B1C2C272A004D4B8E /* Release */ = {
			isa = XCBuildConfiguration;
			buildSettings = {
				ALWAYS_SEARCH_USER_PATHS = NO;
				CLANG_CXX_LANGUAGE_STANDARD = "gnu++0x";
				CLANG_CXX_LIBRARY = "libc++";
				CLANG_ENABLE_MODULES = YES;
				CLANG_ENABLE_OBJC_ARC = YES;
				CLANG_WARN_BOOL_CONVERSION = YES;
				CLANG_WARN_CONSTANT_CONVERSION = YES;
				CLANG_WARN_DIRECT_OBJC_ISA_USAGE = YES_ERROR;
				CLANG_WARN_EMPTY_BODY = YES;
				CLANG_WARN_ENUM_CONVERSION = YES;
				CLANG_WARN_INT_CONVERSION = YES;
				CLANG_WARN_OBJC_ROOT_CLASS = YES_ERROR;
				CLANG_WARN_UNREACHABLE_CODE = YES;
				CLANG_WARN__DUPLICATE_METHOD_MATCH = YES;
				"CODE_SIGN_IDENTITY[sdk=iphoneos*]" = "iPhone Developer";
				COPY_PHASE_STRIP = NO;
				DEBUG_INFORMATION_FORMAT = "dwarf-with-dsym";
				ENABLE_NS_ASSERTIONS = NO;
				ENABLE_STRICT_OBJC_MSGSEND = YES;
				GCC_C_LANGUAGE_STANDARD = gnu99;
				GCC_NO_COMMON_BLOCKS = YES;
				GCC_WARN_64_TO_32_BIT_CONVERSION = YES;
				GCC_WARN_ABOUT_RETURN_TYPE = YES_ERROR;
				GCC_WARN_UNDECLARED_SELECTOR = YES;
				GCC_WARN_UNINITIALIZED_AUTOS = YES_AGGRESSIVE;
				GCC_WARN_UNUSED_FUNCTION = YES;
				GCC_WARN_UNUSED_VARIABLE = YES;
				IPHONEOS_DEPLOYMENT_TARGET = 9.2;
				MTL_ENABLE_DEBUG_INFO = NO;
				SDKROOT = iphoneos;
				TARGETED_DEVICE_FAMILY = "1,2";
				VALIDATE_PRODUCT = YES;
			};
			name = Release;
		};
		E209D92D1C2C272A004D4B8E /* Debug */ = {
			isa = XCBuildConfiguration;
			buildSettings = {
				ASSETCATALOG_COMPILER_APPICON_NAME = AppIcon;
				INFOPLIST_FILE = sadfasdf/Info.plist;
				LD_RUNPATH_SEARCH_PATHS = "$(inherited) @executable_path/Frameworks";
				PRODUCT_BUNDLE_IDENTIFIER = cn.IF.sadfasdf;
				PRODUCT_NAME = "$(TARGET_NAME)";
			};
			name = Debug;
		};
		E209D92E1C2C272A004D4B8E /* Release */ = {
			isa = XCBuildConfiguration;
			buildSettings = {
				ASSETCATALOG_COMPILER_APPICON_NAME = AppIcon;
				INFOPLIST_FILE = sadfasdf/Info.plist;
				LD_RUNPATH_SEARCH_PATHS = "$(inherited) @executable_path/Frameworks";
				PRODUCT_BUNDLE_IDENTIFIER = cn.IF.sadfasdf;
				PRODUCT_NAME = "$(TARGET_NAME)";
			};
			name = Release;
		};
		E209D9301C2C272A004D4B8E /* Debug */ = {
			isa = XCBuildConfiguration;
			buildSettings = {
				BUNDLE_LOADER = "$(TEST_HOST)";
				INFOPLIST_FILE = sadfasdfTests/Info.plist;
				LD_RUNPATH_SEARCH_PATHS = "$(inherited) @executable_path/Frameworks @loader_path/Frameworks";
				PRODUCT_BUNDLE_IDENTIFIER = cn.IF.sadfasdfTests;
				PRODUCT_NAME = "$(TARGET_NAME)";
				TEST_HOST = "$(BUILT_PRODUCTS_DIR)/sadfasdf.app/sadfasdf";
			};
			name = Debug;
		};
		E209D9311C2C272A004D4B8E /* Release */ = {
			isa = XCBuildConfiguration;
			buildSettings = {
				BUNDLE_LOADER = "$(TEST_HOST)";
				INFOPLIST_FILE = sadfasdfTests/Info.plist;
				LD_RUNPATH_SEARCH_PATHS = "$(inherited) @executable_path/Frameworks @loader_path/Frameworks";
				PRODUCT_BUNDLE_IDENTIFIER = cn.IF.sadfasdfTests;
				PRODUCT_NAME = "$(TARGET_NAME)";
				TEST_HOST = "$(BUILT_PRODUCTS_DIR)/sadfasdf.app/sadfasdf";
			};
			name = Release;
		};
		E209D9331C2C272A004D4B8E /* Debug */ = {
			isa = XCBuildConfiguration;
			buildSettings = {
				INFOPLIST_FILE = sadfasdfUITests/Info.plist;
				LD_RUNPATH_SEARCH_PATHS = "$(inherited) @executable_path/Frameworks @loader_path/Frameworks";
				PRODUCT_BUNDLE_IDENTIFIER = cn.IF.sadfasdfUITests;
				PRODUCT_NAME = "$(TARGET_NAME)";
				TEST_TARGET_NAME = sadfasdf;
				USES_XCTRUNNER = YES;
			};
			name = Debug;
		};
		E209D9341C2C272A004D4B8E /* Release */ = {
			isa = XCBuildConfiguration;
			buildSettings = {
				INFOPLIST_FILE = sadfasdfUITests/Info.plist;
				LD_RUNPATH_SEARCH_PATHS = "$(inherited) @executable_path/Frameworks @loader_path/Frameworks";
				PRODUCT_BUNDLE_IDENTIFIER = cn.IF.sadfasdfUITests;
				PRODUCT_NAME = "$(TARGET_NAME)";
				TEST_TARGET_NAME = sadfasdf;
				USES_XCTRUNNER = YES;
			};
			name = Release;
		};
/* End XCBuildConfiguration section */

/* Begin XCConfigurationList section */
		E209D8FF1C2C2729004D4B8E /* Build configuration list for PBXProject "sadfasdf" */ = {
			isa = XCConfigurationList;
			buildConfigurations = (
				E209D92A1C2C272A004D4B8E /* Debug */,
				E209D92B1C2C272A004D4B8E /* Release */,
			);
			defaultConfigurationIsVisible = 0;
			defaultConfigurationName = Release;
		};
		E209D92C1C2C272A004D4B8E /* Build configuration list for PBXNativeTarget "sadfasdf" */ = {
			isa = XCConfigurationList;
			buildConfigurations = (
				E209D92D1C2C272A004D4B8E /* Debug */,
				E209D92E1C2C272A004D4B8E /* Release */,
			);
			defaultConfigurationIsVisible = 0;
		};
		E209D92F1C2C272A004D4B8E /* Build configuration list for PBXNativeTarget "sadfasdfTests" */ = {
			isa = XCConfigurationList;
			buildConfigurations = (
				E209D9301C2C272A004D4B8E /* Debug */,
				E209D9311C2C272A004D4B8E /* Release */,
			);
			defaultConfigurationIsVisible = 0;
		};
		E209D9321C2C272A004D4B8E /* Build configuration list for PBXNativeTarget "sadfasdfUITests" */ = {
			isa = XCConfigurationList;
			buildConfigurations = (
				E209D9331C2C272A004D4B8E /* Debug */,
				E209D9341C2C272A004D4B8E /* Release */,
			);
			defaultConfigurationIsVisible = 0;
		};
/* End XCConfigurationList section */
	};
	rootObject = E209D8FC1C2C2729004D4B8E /* Project object */;
}
